{
  "name": "career-counselling",
  "lockfileVersion": 2,
  "requires": true,
  "packages": {
    "": {
      "dependencies": {
        "urijs": "^1.19.10"
      }
    },
    "node_modules/urijs": {
      "version": "1.19.10",
      "resolved": "https://registry.npmjs.org/urijs/-/urijs-1.19.10.tgz",
      "integrity": "sha512-EzauQlgKuJgsXOqoMrCiePBf4At5jVqRhXykF3Wfb8ZsOBMxPcfiVBcsHXug4Aepb/ICm2PIgqAUGMelgdrWEg=="
    }
  },
  "dependencies": {
    "urijs": {
      "version": "1.19.10",
      "resolved": "https://registry.npmjs.org/urijs/-/urijs-1.19.10.tgz",
      "integrity": "sha512-EzauQlgKuJgsXOqoMrCiePBf4At5jVqRhXykF3Wfb8ZsOBMxPcfiVBcsHXug4Aepb/ICm2PIgqAUGMelgdrWEg=="
    }
  }
}
